
Microsoft Visual Studio Solution File, Format Version 12.00
# Visual Studio 15
VisualStudioVersion = 15.0.27703.2042
MinimumVisualStudioVersion = 10.0.40219.1
Project("{FAE04EC0-301F-11D3-BF4B-00C04F79EFBC}") = "ShearCell_Interaction", "ShearCell_Interaction\ShearCell_Interaction.csproj", "{68C508E7-7C49-4E1D-9827-C14373E91F86}"
EndProject
Project("{FAE04EC0-301F-11D3-BF4B-00C04F79EFBC}") = "ShearCell_Editor", "ShearCell_Editor\ShearCell_Editor.csproj", "{AD6D40AB-AD55-4E7E-A4ED-952829D5EE0E}"
EndProject
Project("{FAE04EC0-301F-11D3-BF4B-00C04F79EFBC}") = "ShearCell_Data", "ShearCell_Data\ShearCell_Data.csproj", "{C4BA6672-1563-4B8B-AB2A-31B47300BFB3}"
EndProject
Project("{8BC9CEB8-8B4A-11D0-8D11-00A0C91BC942}") = "ShearCell_Optimization", "..\ShearCell_Optimization\build__visual-studio-2015\ShearCell_Optimization.vcxproj", "{E2137899-C71F-4B05-B70E-9607EE62918D}"
EndProject
Project("{8BC9CEB8-8B4A-11D0-8D11-00A0C91BC942}") = "NativeWrapper", "NativeWrapper\NativeWrapper.vcxproj", "{608C864A-0105-4BF3-A5DF-B8FEF9310A0E}"
EndProject
Global
	GlobalSection(SolutionConfigurationPlatforms) = preSolution
		Debug|Any CPU = Debug|Any CPU
		Debug|x64 = Debug|x64
		Debug|x86 = Debug|x86
		Release|Any CPU = Release|Any CPU
		Release|x64 = Release|x64
		Release|x86 = Release|x86
	EndGlobalSection
	GlobalSection(ProjectConfigurationPlatforms) = postSolution
		{68C508E7-7C49-4E1D-9827-C14373E91F86}.Debug|Any CPU.ActiveCfg = Debug|Any CPU
		{68C508E7-7C49-4E1D-9827-C14373E91F86}.Debug|Any CPU.Build.0 = Debug|Any CPU
		{68C508E7-7C49-4E1D-9827-C14373E91F86}.Debug|x64.ActiveCfg = Debug|Any CPU
		{68C508E7-7C49-4E1D-9827-C14373E91F86}.Debug|x64.Build.0 = Debug|Any CPU
		{68C508E7-7C49-4E1D-9827-C14373E91F86}.Debug|x86.ActiveCfg = Debug|Any CPU
		{68C508E7-7C49-4E1D-9827-C14373E91F86}.Debug|x86.Build.0 = Debug|Any CPU
		{68C508E7-7C49-4E1D-9827-C14373E91F86}.Release|Any CPU.ActiveCfg = Release|Any CPU
		{68C508E7-7C49-4E1D-9827-C14373E91F86}.Release|Any CPU.Build.0 = Release|Any CPU
		{68C508E7-7C49-4E1D-9827-C14373E91F86}.Release|x64.ActiveCfg = Release|Any CPU
		{68C508E7-7C49-4E1D-9827-C14373E91F86}.Release|x64.Build.0 = Release|Any CPU
		{68C508E7-7C49-4E1D-9827-C14373E91F86}.Release|x86.ActiveCfg = Release|Any CPU
		{68C508E7-7C49-4E1D-9827-C14373E91F86}.Release|x86.Build.0 = Release|Any CPU
		{AD6D40AB-AD55-4E7E-A4ED-952829D5EE0E}.Debug|Any CPU.ActiveCfg = Debug|Any CPU
		{AD6D40AB-AD55-4E7E-A4ED-952829D5EE0E}.Debug|Any CPU.Build.0 = Debug|Any CPU
		{AD6D40AB-AD55-4E7E-A4ED-952829D5EE0E}.Debug|x64.ActiveCfg = Debug|Any CPU
		{AD6D40AB-AD55-4E7E-A4ED-952829D5EE0E}.Debug|x64.Build.0 = Debug|Any CPU
		{AD6D40AB-AD55-4E7E-A4ED-952829D5EE0E}.Debug|x86.ActiveCfg = Debug|Any CPU
		{AD6D40AB-AD55-4E7E-A4ED-952829D5EE0E}.Debug|x86.Build.0 = Debug|Any CPU
		{AD6D40AB-AD55-4E7E-A4ED-952829D5EE0E}.Release|Any CPU.ActiveCfg = Release|Any CPU
		{AD6D40AB-AD55-4E7E-A4ED-952829D5EE0E}.Release|Any CPU.Build.0 = Release|Any CPU
		{AD6D40AB-AD55-4E7E-A4ED-952829D5EE0E}.Release|x64.ActiveCfg = Release|Any CPU
		{AD6D40AB-AD55-4E7E-A4ED-952829D5EE0E}.Release|x64.Build.0 = Release|Any CPU
		{AD6D40AB-AD55-4E7E-A4ED-952829D5EE0E}.Release|x86.ActiveCfg = Release|Any CPU
		{AD6D40AB-AD55-4E7E-A4ED-952829D5EE0E}.Release|x86.Build.0 = Release|Any CPU
		{C4BA6672-1563-4B8B-AB2A-31B47300BFB3}.Debug|Any CPU.ActiveCfg = Debug|Any CPU
		{C4BA6672-1563-4B8B-AB2A-31B47300BFB3}.Debug|Any CPU.Build.0 = Debug|Any CPU
		{C4BA6672-1563-4B8B-AB2A-31B47300BFB3}.Debug|x64.ActiveCfg = Debug|Any CPU
		{C4BA6672-1563-4B8B-AB2A-31B47300BFB3}.Debug|x64.Build.0 = Debug|Any CPU
		{C4BA6672-1563-4B8B-AB2A-31B47300BFB3}.Debug|x86.ActiveCfg = Debug|Any CPU
		{C4BA6672-1563-4B8B-AB2A-31B47300BFB3}.Debug|x86.Build.0 = Debug|Any CPU
		{C4BA6672-1563-4B8B-AB2A-31B47300BFB3}.Release|Any CPU.ActiveCfg = Release|Any CPU
		{C4BA6672-1563-4B8B-AB2A-31B47300BFB3}.Release|Any CPU.Build.0 = Release|Any CPU
		{C4BA6672-1563-4B8B-AB2A-31B47300BFB3}.Release|x64.ActiveCfg = Release|Any CPU
		{C4BA6672-1563-4B8B-AB2A-31B47300BFB3}.Release|x64.Build.0 = Release|Any CPU
		{C4BA6672-1563-4B8B-AB2A-31B47300BFB3}.Release|x86.ActiveCfg = Release|Any CPU
		{C4BA6672-1563-4B8B-AB2A-31B47300BFB3}.Release|x86.Build.0 = Release|Any CPU
		{E2137899-C71F-4B05-B70E-9607EE62918D}.Debug|Any CPU.ActiveCfg = Debug|Win32
		{E2137899-C71F-4B05-B70E-9607EE62918D}.Debug|x64.ActiveCfg = Debug|x64
		{E2137899-C71F-4B05-B70E-9607EE62918D}.Debug|x64.Build.0 = Debug|x64
		{E2137899-C71F-4B05-B70E-9607EE62918D}.Debug|x86.ActiveCfg = Debug|Win32
		{E2137899-C71F-4B05-B70E-9607EE62918D}.Debug|x86.Build.0 = Debug|Win32
		{E2137899-C71F-4B05-B70E-9607EE62918D}.Release|Any CPU.ActiveCfg = Release|Win32
		{E2137899-C71F-4B05-B70E-9607EE62918D}.Release|x64.ActiveCfg = Release|x64
		{E2137899-C71F-4B05-B70E-9607EE62918D}.Release|x64.Build.0 = Release|x64
		{E2137899-C71F-4B05-B70E-9607EE62918D}.Release|x86.ActiveCfg = Release|Win32
		{E2137899-C71F-4B05-B70E-9607EE62918D}.Release|x86.Build.0 = Release|Win32
		{608C864A-0105-4BF3-A5DF-B8FEF9310A0E}.Debug|Any CPU.ActiveCfg = Debug|Win32
		{608C864A-0105-4BF3-A5DF-B8FEF9310A0E}.Debug|x64.ActiveCfg = Debug|x64
		{608C864A-0105-4BF3-A5DF-B8FEF9310A0E}.Debug|x64.Build.0 = Debug|x64
		{608C864A-0105-4BF3-A5DF-B8FEF9310A0E}.Debug|x86.ActiveCfg = Debug|Win32
		{608C864A-0105-4BF3-A5DF-B8FEF9310A0E}.Debug|x86.Build.0 = Debug|Win32
		{608C864A-0105-4BF3-A5DF-B8FEF9310A0E}.Release|Any CPU.ActiveCfg = Release|Win32
		{608C864A-0105-4BF3-A5DF-B8FEF9310A0E}.Release|x64.ActiveCfg = Release|x64
		{608C864A-0105-4BF3-A5DF-B8FEF9310A0E}.Release|x64.Build.0 = Release|x64
		{608C864A-0105-4BF3-A5DF-B8FEF9310A0E}.Release|x86.ActiveCfg = Release|Win32
		{608C864A-0105-4BF3-A5DF-B8FEF9310A0E}.Release|x86.Build.0 = Release|Win32
	EndGlobalSection
	GlobalSection(SolutionProperties) = preSolution
		HideSolutionNode = FALSE
	EndGlobalSection
	GlobalSection(ExtensibilityGlobals) = postSolution
		SolutionGuid = {88351803-B7B3-427D-B26A-E85CA122560A}
	EndGlobalSection
EndGlobal
